
Microsoft Visual Studio Solution File, Format Version 12.00
# Visual Studio Version 17
VisualStudioVersion = 17.4.33403.182
MinimumVisualStudioVersion = 10.0.40219.1
Project("{8BC9CEB8-8B4A-11D0-8D11-00A0C91BC942}") = "CppCliDll", "CppCliDll\CppCliDll.vcxproj", "{011DC5C4-7DAE-4980-AF61-CC76D382CFA0}"
EndProject
Project("{8BC9CEB8-8B4A-11D0-8D11-00A0C91BC942}") = "CppCliDllCore", "CppCliDll\CppCliDllCore.vcxproj", "{36A9FCF2-A748-41E0-8F1D-98236A453EC8}"
EndProject
Project("{FAE04EC0-301F-11D3-BF4B-00C04F79EFBC}") = "CsDll", "CsDll\CsDll.csproj", "{4E224ABD-F53A-43CF-BC2A-54945C4B51FC}"
EndProject
Project("{9A19103F-16F7-4668-BE54-9A1E7A4F7556}") = "CsDllCore", "CsDllCore\CsDllCore.csproj", "{FB0BC36A-3461-4E1E-8417-BD7963FA82EA}"
EndProject
Project("{8BC9CEB8-8B4A-11D0-8D11-00A0C91BC942}") = "CppDll", "CppDll\CppDll.vcxproj", "{4637011A-D349-41B9-8205-00AE669F0C71}"
EndProject
Global
	GlobalSection(SolutionConfigurationPlatforms) = preSolution
		Debug|ARM = Debug|ARM
		Debug|ARM64 = Debug|ARM64
		Debug|x64 = Debug|x64
		Debug|x86 = Debug|x86
		Release|ARM = Release|ARM
		Release|ARM64 = Release|ARM64
		Release|x64 = Release|x64
		Release|x86 = Release|x86
	EndGlobalSection
	GlobalSection(ProjectConfigurationPlatforms) = postSolution
		{011DC5C4-7DAE-4980-AF61-CC76D382CFA0}.Debug|ARM.ActiveCfg = Debug|Win32
		{011DC5C4-7DAE-4980-AF61-CC76D382CFA0}.Debug|ARM64.ActiveCfg = Debug|ARM64
		{011DC5C4-7DAE-4980-AF61-CC76D382CFA0}.Debug|ARM64.Build.0 = Debug|ARM64
		{011DC5C4-7DAE-4980-AF61-CC76D382CFA0}.Debug|x64.ActiveCfg = Debug|x64
		{011DC5C4-7DAE-4980-AF61-CC76D382CFA0}.Debug|x64.Build.0 = Debug|x64
		{011DC5C4-7DAE-4980-AF61-CC76D382CFA0}.Debug|x86.ActiveCfg = Debug|Win32
		{011DC5C4-7DAE-4980-AF61-CC76D382CFA0}.Debug|x86.Build.0 = Debug|Win32
		{011DC5C4-7DAE-4980-AF61-CC76D382CFA0}.Release|ARM.ActiveCfg = Release|Win32
		{011DC5C4-7DAE-4980-AF61-CC76D382CFA0}.Release|ARM64.ActiveCfg = Release|ARM64
		{011DC5C4-7DAE-4980-AF61-CC76D382CFA0}.Release|ARM64.Build.0 = Release|ARM64
		{011DC5C4-7DAE-4980-AF61-CC76D382CFA0}.Release|x64.ActiveCfg = Release|x64
		{011DC5C4-7DAE-4980-AF61-CC76D382CFA0}.Release|x64.Build.0 = Release|x64
		{011DC5C4-7DAE-4980-AF61-CC76D382CFA0}.Release|x86.ActiveCfg = Release|Win32
		{011DC5C4-7DAE-4980-AF61-CC76D382CFA0}.Release|x86.Build.0 = Release|Win32
		{36A9FCF2-A748-41E0-8F1D-98236A453EC8}.Debug|ARM.ActiveCfg = Debug|ARM
		{36A9FCF2-A748-41E0-8F1D-98236A453EC8}.Debug|ARM.Build.0 = Debug|ARM
		{36A9FCF2-A748-41E0-8F1D-98236A453EC8}.Debug|ARM64.ActiveCfg = Debug|ARM64
		{36A9FCF2-A748-41E0-8F1D-98236A453EC8}.Debug|ARM64.Build.0 = Debug|ARM64
		{36A9FCF2-A748-41E0-8F1D-98236A453EC8}.Debug|x64.ActiveCfg = Debug|x64
		{36A9FCF2-A748-41E0-8F1D-98236A453EC8}.Debug|x64.Build.0 = Debug|x64
		{36A9FCF2-A748-41E0-8F1D-98236A453EC8}.Debug|x86.ActiveCfg = Debug|Win32
		{36A9FCF2-A748-41E0-8F1D-98236A453EC8}.Debug|x86.Build.0 = Debug|Win32
		{36A9FCF2-A748-41E0-8F1D-98236A453EC8}.Release|ARM.ActiveCfg = Release|ARM
		{36A9FCF2-A748-41E0-8F1D-98236A453EC8}.Release|ARM.Build.0 = Release|ARM
		{36A9FCF2-A748-41E0-8F1D-98236A453EC8}.Release|ARM64.ActiveCfg = Release|ARM64
		{36A9FCF2-A748-41E0-8F1D-98236A453EC8}.Release|ARM64.Build.0 = Release|ARM64
		{36A9FCF2-A748-41E0-8F1D-98236A453EC8}.Release|x64.ActiveCfg = Release|x64
		{36A9FCF2-A748-41E0-8F1D-98236A453EC8}.Release|x64.Build.0 = Release|x64
		{36A9FCF2-A748-41E0-8F1D-98236A453EC8}.Release|x86.ActiveCfg = Release|Win32
		{36A9FCF2-A748-41E0-8F1D-98236A453EC8}.Release|x86.Build.0 = Release|Win32
		{4E224ABD-F53A-43CF-BC2A-54945C4B51FC}.Debug|ARM.ActiveCfg = Debug|x64
		{4E224ABD-F53A-43CF-BC2A-54945C4B51FC}.Debug|ARM64.ActiveCfg = Debug|ARM64
		{4E224ABD-F53A-43CF-BC2A-54945C4B51FC}.Debug|ARM64.Build.0 = Debug|ARM64
		{4E224ABD-F53A-43CF-BC2A-54945C4B51FC}.Debug|x64.ActiveCfg = Debug|x64
		{4E224ABD-F53A-43CF-BC2A-54945C4B51FC}.Debug|x64.Build.0 = Debug|x64
		{4E224ABD-F53A-43CF-BC2A-54945C4B51FC}.Debug|x86.ActiveCfg = Debug|x86
		{4E224ABD-F53A-43CF-BC2A-54945C4B51FC}.Debug|x86.Build.0 = Debug|x86
		{4E224ABD-F53A-43CF-BC2A-54945C4B51FC}.Release|ARM.ActiveCfg = Release|ARM64
		{4E224ABD-F53A-43CF-BC2A-54945C4B51FC}.Release|ARM64.ActiveCfg = Release|ARM64
		{4E224ABD-F53A-43CF-BC2A-54945C4B51FC}.Release|ARM64.Build.0 = Release|ARM64
		{4E224ABD-F53A-43CF-BC2A-54945C4B51FC}.Release|x64.ActiveCfg = Release|x64
		{4E224ABD-F53A-43CF-BC2A-54945C4B51FC}.Release|x64.Build.0 = Release|x64
		{4E224ABD-F53A-43CF-BC2A-54945C4B51FC}.Release|x86.ActiveCfg = Release|x86
		{4E224ABD-F53A-43CF-BC2A-54945C4B51FC}.Release|x86.Build.0 = Release|x86
		{FB0BC36A-3461-4E1E-8417-BD7963FA82EA}.Debug|ARM.ActiveCfg = Debug|x64
		{FB0BC36A-3461-4E1E-8417-BD7963FA82EA}.Debug|ARM.Build.0 = Debug|x64
		{FB0BC36A-3461-4E1E-8417-BD7963FA82EA}.Debug|ARM64.ActiveCfg = Debug|ARM64
		{FB0BC36A-3461-4E1E-8417-BD7963FA82EA}.Debug|ARM64.Build.0 = Debug|ARM64
		{FB0BC36A-3461-4E1E-8417-BD7963FA82EA}.Debug|x64.ActiveCfg = Debug|x64
		{FB0BC36A-3461-4E1E-8417-BD7963FA82EA}.Debug|x64.Build.0 = Debug|x64
		{FB0BC36A-3461-4E1E-8417-BD7963FA82EA}.Debug|x86.ActiveCfg = Debug|x86
		{FB0BC36A-3461-4E1E-8417-BD7963FA82EA}.Debug|x86.Build.0 = Debug|x86
		{FB0BC36A-3461-4E1E-8417-BD7963FA82EA}.Release|ARM.ActiveCfg = Release|ARM32
		{FB0BC36A-3461-4E1E-8417-BD7963FA82EA}.Release|ARM.Build.0 = Release|ARM32
		{FB0BC36A-3461-4E1E-8417-BD7963FA82EA}.Release|ARM64.ActiveCfg = Release|ARM64
		{FB0BC36A-3461-4E1E-8417-BD7963FA82EA}.Release|ARM64.Build.0 = Release|ARM64
		{FB0BC36A-3461-4E1E-8417-BD7963FA82EA}.Release|x64.ActiveCfg = Release|x64
		{FB0BC36A-3461-4E1E-8417-BD7963FA82EA}.Release|x64.Build.0 = Release|x64
		{FB0BC36A-3461-4E1E-8417-BD7963FA82EA}.Release|x86.ActiveCfg = Release|x86
		{FB0BC36A-3461-4E1E-8417-BD7963FA82EA}.Release|x86.Build.0 = Release|x86
		{4637011A-D349-41B9-8205-00AE669F0C71}.Debug|ARM.ActiveCfg = Debug|x64
		{4637011A-D349-41B9-8205-00AE669F0C71}.Debug|ARM.Build.0 = Debug|x64
		{4637011A-D349-41B9-8205-00AE669F0C71}.Debug|ARM64.ActiveCfg = Debug|x64
		{4637011A-D349-41B9-8205-00AE669F0C71}.Debug|ARM64.Build.0 = Debug|x64
		{4637011A-D349-41B9-8205-00AE669F0C71}.Debug|x64.ActiveCfg = Debug|x64
		{4637011A-D349-41B9-8205-00AE669F0C71}.Debug|x64.Build.0 = Debug|x64
		{4637011A-D349-41B9-8205-00AE669F0C71}.Debug|x86.ActiveCfg = Debug|Win32
		{4637011A-D349-41B9-8205-00AE669F0C71}.Debug|x86.Build.0 = Debug|Win32
		{4637011A-D349-41B9-8205-00AE669F0C71}.Release|ARM.ActiveCfg = Release|x64
		{4637011A-D349-41B9-8205-00AE669F0C71}.Release|ARM.Build.0 = Release|x64
		{4637011A-D349-41B9-8205-00AE669F0C71}.Release|ARM64.ActiveCfg = Release|x64
		{4637011A-D349-41B9-8205-00AE669F0C71}.Release|ARM64.Build.0 = Release|x64
		{4637011A-D349-41B9-8205-00AE669F0C71}.Release|x64.ActiveCfg = Release|x64
		{4637011A-D349-41B9-8205-00AE669F0C71}.Release|x64.Build.0 = Release|x64
		{4637011A-D349-41B9-8205-00AE669F0C71}.Release|x86.ActiveCfg = Release|Win32
		{4637011A-D349-41B9-8205-00AE669F0C71}.Release|x86.Build.0 = Release|Win32
	EndGlobalSection
	GlobalSection(SolutionProperties) = preSolution
		HideSolutionNode = FALSE
	EndGlobalSection
	GlobalSection(ExtensibilityGlobals) = postSolution
		SolutionGuid = {04CAA2CA-C962-495B-8F57-209EFB4FC46B}
	EndGlobalSection
EndGlobal
