
Microsoft Visual Studio Solution File, Format Version 12.00
# Visual Studio Version 17
VisualStudioVersion = 17.4.33403.182
MinimumVisualStudioVersion = 10.0.40219.1
Project("{9A19103F-16F7-4668-BE54-9A1E7A4F7556}") = "AssemblyResolveLoader", "AssemblyResolveLoader\AssemblyResolveLoader.csproj", "{A0E4A793-6F28-4226-A635-766381DE147B}"
EndProject
Project("{9A19103F-16F7-4668-BE54-9A1E7A4F7556}") = "ConsoleAppCore", "ConsoleAppCore\ConsoleAppCore.csproj", "{7A6A58A5-C35F-49DA-9A5D-CEC0D36CE779}"
EndProject
Project("{2150E333-8FDC-42A3-9474-1A3956D46DE8}") = "ソリューション項目", "ソリューション項目", "{717DE630-871D-40D0-8BE5-530BBDDEED52}"
	ProjectSection(SolutionItems) = preProject
		Directory.Build.targets = Directory.Build.targets
	EndProjectSection
EndProject
Project("{8BC9CEB8-8B4A-11D0-8D11-00A0C91BC942}") = "CppCliDllCore", "CppCliDll\CppCliDllCore.vcxproj", "{36A9FCF2-A748-41E0-8F1D-98236A453EC8}"
EndProject
Global
	GlobalSection(SolutionConfigurationPlatforms) = preSolution
		Debug|Any CPU = Debug|Any CPU
		Debug|ARM = Debug|ARM
		Debug|ARM64 = Debug|ARM64
		Debug|x64 = Debug|x64
		Debug|x86 = Debug|x86
		Release|Any CPU = Release|Any CPU
		Release|ARM = Release|ARM
		Release|ARM64 = Release|ARM64
		Release|x64 = Release|x64
		Release|x86 = Release|x86
	EndGlobalSection
	GlobalSection(ProjectConfigurationPlatforms) = postSolution
		{A0E4A793-6F28-4226-A635-766381DE147B}.Debug|Any CPU.ActiveCfg = Debug|Any CPU
		{A0E4A793-6F28-4226-A635-766381DE147B}.Debug|Any CPU.Build.0 = Debug|Any CPU
		{A0E4A793-6F28-4226-A635-766381DE147B}.Debug|ARM.ActiveCfg = Debug|Any CPU
		{A0E4A793-6F28-4226-A635-766381DE147B}.Debug|ARM.Build.0 = Debug|Any CPU
		{A0E4A793-6F28-4226-A635-766381DE147B}.Debug|ARM64.ActiveCfg = Debug|Any CPU
		{A0E4A793-6F28-4226-A635-766381DE147B}.Debug|ARM64.Build.0 = Debug|Any CPU
		{A0E4A793-6F28-4226-A635-766381DE147B}.Debug|x64.ActiveCfg = Debug|Any CPU
		{A0E4A793-6F28-4226-A635-766381DE147B}.Debug|x64.Build.0 = Debug|Any CPU
		{A0E4A793-6F28-4226-A635-766381DE147B}.Debug|x86.ActiveCfg = Debug|Any CPU
		{A0E4A793-6F28-4226-A635-766381DE147B}.Debug|x86.Build.0 = Debug|Any CPU
		{A0E4A793-6F28-4226-A635-766381DE147B}.Release|Any CPU.ActiveCfg = Release|Any CPU
		{A0E4A793-6F28-4226-A635-766381DE147B}.Release|Any CPU.Build.0 = Release|Any CPU
		{A0E4A793-6F28-4226-A635-766381DE147B}.Release|ARM.ActiveCfg = Release|Any CPU
		{A0E4A793-6F28-4226-A635-766381DE147B}.Release|ARM.Build.0 = Release|Any CPU
		{A0E4A793-6F28-4226-A635-766381DE147B}.Release|ARM64.ActiveCfg = Release|Any CPU
		{A0E4A793-6F28-4226-A635-766381DE147B}.Release|ARM64.Build.0 = Release|Any CPU
		{A0E4A793-6F28-4226-A635-766381DE147B}.Release|x64.ActiveCfg = Release|Any CPU
		{A0E4A793-6F28-4226-A635-766381DE147B}.Release|x64.Build.0 = Release|Any CPU
		{A0E4A793-6F28-4226-A635-766381DE147B}.Release|x86.ActiveCfg = Release|Any CPU
		{A0E4A793-6F28-4226-A635-766381DE147B}.Release|x86.Build.0 = Release|Any CPU
		{7A6A58A5-C35F-49DA-9A5D-CEC0D36CE779}.Debug|Any CPU.ActiveCfg = Debug|Any CPU
		{7A6A58A5-C35F-49DA-9A5D-CEC0D36CE779}.Debug|Any CPU.Build.0 = Debug|Any CPU
		{7A6A58A5-C35F-49DA-9A5D-CEC0D36CE779}.Debug|ARM.ActiveCfg = Debug|Any CPU
		{7A6A58A5-C35F-49DA-9A5D-CEC0D36CE779}.Debug|ARM.Build.0 = Debug|Any CPU
		{7A6A58A5-C35F-49DA-9A5D-CEC0D36CE779}.Debug|ARM64.ActiveCfg = Debug|Any CPU
		{7A6A58A5-C35F-49DA-9A5D-CEC0D36CE779}.Debug|ARM64.Build.0 = Debug|Any CPU
		{7A6A58A5-C35F-49DA-9A5D-CEC0D36CE779}.Debug|x64.ActiveCfg = Debug|Any CPU
		{7A6A58A5-C35F-49DA-9A5D-CEC0D36CE779}.Debug|x64.Build.0 = Debug|Any CPU
		{7A6A58A5-C35F-49DA-9A5D-CEC0D36CE779}.Debug|x86.ActiveCfg = Debug|Any CPU
		{7A6A58A5-C35F-49DA-9A5D-CEC0D36CE779}.Debug|x86.Build.0 = Debug|Any CPU
		{7A6A58A5-C35F-49DA-9A5D-CEC0D36CE779}.Release|Any CPU.ActiveCfg = Release|Any CPU
		{7A6A58A5-C35F-49DA-9A5D-CEC0D36CE779}.Release|Any CPU.Build.0 = Release|Any CPU
		{7A6A58A5-C35F-49DA-9A5D-CEC0D36CE779}.Release|ARM.ActiveCfg = Release|Any CPU
		{7A6A58A5-C35F-49DA-9A5D-CEC0D36CE779}.Release|ARM.Build.0 = Release|Any CPU
		{7A6A58A5-C35F-49DA-9A5D-CEC0D36CE779}.Release|ARM64.ActiveCfg = Release|Any CPU
		{7A6A58A5-C35F-49DA-9A5D-CEC0D36CE779}.Release|ARM64.Build.0 = Release|Any CPU
		{7A6A58A5-C35F-49DA-9A5D-CEC0D36CE779}.Release|x64.ActiveCfg = Release|Any CPU
		{7A6A58A5-C35F-49DA-9A5D-CEC0D36CE779}.Release|x64.Build.0 = Release|Any CPU
		{7A6A58A5-C35F-49DA-9A5D-CEC0D36CE779}.Release|x86.ActiveCfg = Release|Any CPU
		{7A6A58A5-C35F-49DA-9A5D-CEC0D36CE779}.Release|x86.Build.0 = Release|Any CPU
		{36A9FCF2-A748-41E0-8F1D-98236A453EC8}.Debug|Any CPU.ActiveCfg = Debug|x64
		{36A9FCF2-A748-41E0-8F1D-98236A453EC8}.Debug|Any CPU.Build.0 = Debug|x64
		{36A9FCF2-A748-41E0-8F1D-98236A453EC8}.Debug|ARM.ActiveCfg = Debug|ARM
		{36A9FCF2-A748-41E0-8F1D-98236A453EC8}.Debug|ARM.Build.0 = Debug|ARM
		{36A9FCF2-A748-41E0-8F1D-98236A453EC8}.Debug|ARM64.ActiveCfg = Debug|ARM64
		{36A9FCF2-A748-41E0-8F1D-98236A453EC8}.Debug|ARM64.Build.0 = Debug|ARM64
		{36A9FCF2-A748-41E0-8F1D-98236A453EC8}.Debug|x64.ActiveCfg = Debug|x64
		{36A9FCF2-A748-41E0-8F1D-98236A453EC8}.Debug|x64.Build.0 = Debug|x64
		{36A9FCF2-A748-41E0-8F1D-98236A453EC8}.Debug|x86.ActiveCfg = Debug|Win32
		{36A9FCF2-A748-41E0-8F1D-98236A453EC8}.Debug|x86.Build.0 = Debug|Win32
		{36A9FCF2-A748-41E0-8F1D-98236A453EC8}.Release|Any CPU.ActiveCfg = Release|x64
		{36A9FCF2-A748-41E0-8F1D-98236A453EC8}.Release|Any CPU.Build.0 = Release|x64
		{36A9FCF2-A748-41E0-8F1D-98236A453EC8}.Release|ARM.ActiveCfg = Release|ARM
		{36A9FCF2-A748-41E0-8F1D-98236A453EC8}.Release|ARM.Build.0 = Release|ARM
		{36A9FCF2-A748-41E0-8F1D-98236A453EC8}.Release|ARM64.ActiveCfg = Release|ARM64
		{36A9FCF2-A748-41E0-8F1D-98236A453EC8}.Release|ARM64.Build.0 = Release|ARM64
		{36A9FCF2-A748-41E0-8F1D-98236A453EC8}.Release|x64.ActiveCfg = Release|x64
		{36A9FCF2-A748-41E0-8F1D-98236A453EC8}.Release|x64.Build.0 = Release|x64
		{36A9FCF2-A748-41E0-8F1D-98236A453EC8}.Release|x86.ActiveCfg = Release|Win32
		{36A9FCF2-A748-41E0-8F1D-98236A453EC8}.Release|x86.Build.0 = Release|Win32
	EndGlobalSection
	GlobalSection(SolutionProperties) = preSolution
		HideSolutionNode = FALSE
	EndGlobalSection
	GlobalSection(ExtensibilityGlobals) = postSolution
		SolutionGuid = {04CAA2CA-C962-495B-8F57-209EFB4FC46B}
	EndGlobalSection
EndGlobal
